
Microsoft Visual Studio Solution File, Format Version 12.00
# Visual Studio Version 17
VisualStudioVersion = 17.9.34701.34
MinimumVisualStudioVersion = 10.0.40219.1
Project("{FAE04EC0-301F-11D3-BF4B-00C04F79EFBC}") = "elearning-mgmt", "elearning-mgmt.csproj", "{589594AB-EC59-4FAB-A651-FA3A3E136453}"
EndProject
Global
	GlobalSection(SolutionConfigurationPlatforms) = preSolution
		Debug|Any CPU = Debug|Any CPU
		Release|Any CPU = Release|Any CPU
	EndGlobalSection
	GlobalSection(ProjectConfigurationPlatforms) = postSolution
		{589594AB-EC59-4FAB-A651-FA3A3E136453}.Debug|Any CPU.ActiveCfg = Debug|Any CPU
		{589594AB-EC59-4FAB-A651-FA3A3E136453}.Debug|Any CPU.Build.0 = Debug|Any CPU
		{589594AB-EC59-4FAB-A651-FA3A3E136453}.Release|Any CPU.ActiveCfg = Release|Any CPU
		{589594AB-EC59-4FAB-A651-FA3A3E136453}.Release|Any CPU.Build.0 = Release|Any CPU
	EndGlobalSection
	GlobalSection(SolutionProperties) = preSolution
		HideSolutionNode = FALSE
	EndGlobalSection
	GlobalSection(ExtensibilityGlobals) = postSolution
		SolutionGuid = {C69F987C-8A1E-4DEC-9F74-740D928233AD}
	EndGlobalSection
EndGlobal
